
Microsoft Visual Studio Solution File, Format Version 12.00
# Visual Studio Version 16
VisualStudioVersion = 16.0.33214.272
MinimumVisualStudioVersion = 10.0.40219.1
Project("{FAE04EC0-301F-11D3-BF4B-00C04F79EFBC}") = "tester1", "tester1\tester1.csproj", "{5DD41544-9F36-4E18-BF46-6CD7FE87600F}"
EndProject
Global
	GlobalSection(SolutionConfigurationPlatforms) = preSolution
		Debug|Any CPU = Debug|Any CPU
		Release|Any CPU = Release|Any CPU
	EndGlobalSection
	GlobalSection(ProjectConfigurationPlatforms) = postSolution
		{5DD41544-9F36-4E18-BF46-6CD7FE87600F}.Debug|Any CPU.ActiveCfg = Debug|Any CPU
		{5DD41544-9F36-4E18-BF46-6CD7FE87600F}.Debug|Any CPU.Build.0 = Debug|Any CPU
		{5DD41544-9F36-4E18-BF46-6CD7FE87600F}.Release|Any CPU.ActiveCfg = Release|Any CPU
		{5DD41544-9F36-4E18-BF46-6CD7FE87600F}.Release|Any CPU.Build.0 = Release|Any CPU
	EndGlobalSection
	GlobalSection(SolutionProperties) = preSolution
		HideSolutionNode = FALSE
	EndGlobalSection
	GlobalSection(ExtensibilityGlobals) = postSolution
		SolutionGuid = {6D9FFE87-EB9D-417D-BD0A-767C6E8D8332}
	EndGlobalSection
EndGlobal
